// !$*UTF8*$!
{
	archiveVersion = 1;
	classes = {
	};
	objectVersion = 56;
	objects = {

/* Begin PBXBuildFile section */
		44AB11CE2913E95E0056D78A /* AppDelegate.swift in Sources */ = {isa = PBXBuildFile; fileRef = 44AB11CD2913E95E0056D78A /* AppDelegate.swift */; };
		44AB11D02913E95E0056D78A /* SceneDelegate.swift in Sources */ = {isa = PBXBuildFile; fileRef = 44AB11CF2913E95E0056D78A /* SceneDelegate.swift */; };
		44AB11D22913E95E0056D78A /* ViewController.swift in Sources */ = {isa = PBXBuildFile; fileRef = 44AB11D12913E95E0056D78A /* ViewController.swift */; };
		44AB11D72913E95F0056D78A /* Assets.xcassets in Resources */ = {isa = PBXBuildFile; fileRef = 44AB11D62913E95F0056D78A /* Assets.xcassets */; };
		44AB11DA2913E95F0056D78A /* LaunchScreen.storyboard in Resources */ = {isa = PBXBuildFile; fileRef = 44AB11D82913E95F0056D78A /* LaunchScreen.storyboard */; };
		44AB11E22913F4710056D78A /* BackgroundSetup.swift in Sources */ = {isa = PBXBuildFile; fileRef = 44AB11E12913F4710056D78A /* BackgroundSetup.swift */; };
		44AB11E52913FE8F0056D78A /* Resources.swift in Sources */ = {isa = PBXBuildFile; fileRef = 44AB11E42913FE8F0056D78A /* Resources.swift */; };
		44AB11EC291405040056D78A /* DataModel.swift in Sources */ = {isa = PBXBuildFile; fileRef = 44AB11EB291405040056D78A /* DataModel.swift */; };
		44AB11EE29140F2F0056D78A /* NetworkManager.swift in Sources */ = {isa = PBXBuildFile; fileRef = 44AB11ED29140F2F0056D78A /* NetworkManager.swift */; };
		44AB11F029144B5A0056D78A /* CurrentWeather.swift in Sources */ = {isa = PBXBuildFile; fileRef = 44AB11EF29144B5A0056D78A /* CurrentWeather.swift */; };
		44AB11F229144E630056D78A /* ApiKey.swift in Sources */ = {isa = PBXBuildFile; fileRef = 44AB11F129144E630056D78A /* ApiKey.swift */; };
		44B49C36291BC77E00A5FFAB /* TabBarController.swift in Sources */ = {isa = PBXBuildFile; fileRef = 44B49C35291BC77E00A5FFAB /* TabBarController.swift */; };
		44B49C38291BC9BE00A5FFAB /* ViewWithTableViewController.swift in Sources */ = {isa = PBXBuildFile; fileRef = 44B49C37291BC9BE00A5FFAB /* ViewWithTableViewController.swift */; };
		44B49C3D291BF81100A5FFAB /* WeatherCell.swift in Sources */ = {isa = PBXBuildFile; fileRef = 44B49C3C291BF81100A5FFAB /* WeatherCell.swift */; };
		44B49C49291E58A400A5FFAB /* AlertControllerExtension.swift in Sources */ = {isa = PBXBuildFile; fileRef = 44B49C48291E58A400A5FFAB /* AlertControllerExtension.swift */; };
		44B49C4B291E64E300A5FFAB /* CityMassiv.swift in Sources */ = {isa = PBXBuildFile; fileRef = 44B49C4A291E64E300A5FFAB /* CityMassiv.swift */; };
/* End PBXBuildFile section */

/* Begin PBXFileReference section */
		44AB11CA2913E95E0056D78A /* Weather.app */ = {isa = PBXFileReference; explicitFileType = wrapper.application; includeInIndex = 0; path = Weather.app; sourceTree = BUILT_PRODUCTS_DIR; };
		44AB11CD2913E95E0056D78A /* AppDelegate.swift */ = {isa = PBXFileReference; lastKnownFileType = sourcecode.swift; path = AppDelegate.swift; sourceTree = "<group>"; };
		44AB11CF2913E95E0056D78A /* SceneDelegate.swift */ = {isa = PBXFileReference; lastKnownFileType = sourcecode.swift; path = SceneDelegate.swift; sourceTree = "<group>"; };
		44AB11D12913E95E0056D78A /* ViewController.swift */ = {isa = PBXFileReference; lastKnownFileType = sourcecode.swift; path = ViewController.swift; sourceTree = "<group>"; };
		44AB11D62913E95F0056D78A /* Assets.xcassets */ = {isa = PBXFileReference; lastKnownFileType = folder.assetcatalog; path = Assets.xcassets; sourceTree = "<group>"; };
		44AB11D92913E95F0056D78A /* Base */ = {isa = PBXFileReference; lastKnownFileType = file.storyboard; name = Base; path = Base.lproj/LaunchScreen.storyboard; sourceTree = "<group>"; };
		44AB11DB2913E95F0056D78A /* Info.plist */ = {isa = PBXFileReference; lastKnownFileType = text.plist.xml; path = Info.plist; sourceTree = "<group>"; };
		44AB11E12913F4710056D78A /* BackgroundSetup.swift */ = {isa = PBXFileReference; lastKnownFileType = sourcecode.swift; path = BackgroundSetup.swift; sourceTree = "<group>"; };
		44AB11E42913FE8F0056D78A /* Resources.swift */ = {isa = PBXFileReference; lastKnownFileType = sourcecode.swift; path = Resources.swift; sourceTree = "<group>"; };
		44AB11EB291405040056D78A /* DataModel.swift */ = {isa = PBXFileReference; lastKnownFileType = sourcecode.swift; path = DataModel.swift; sourceTree = "<group>"; };
		44AB11ED29140F2F0056D78A /* NetworkManager.swift */ = {isa = PBXFileReference; lastKnownFileType = sourcecode.swift; path = NetworkManager.swift; sourceTree = "<group>"; };
		44AB11EF29144B5A0056D78A /* CurrentWeather.swift */ = {isa = PBXFileReference; lastKnownFileType = sourcecode.swift; path = CurrentWeather.swift; sourceTree = "<group>"; };
		44AB11F129144E630056D78A /* ApiKey.swift */ = {isa = PBXFileReference; lastKnownFileType = sourcecode.swift; path = ApiKey.swift; sourceTree = "<group>"; };
		44B49C35291BC77E00A5FFAB /* TabBarController.swift */ = {isa = PBXFileReference; lastKnownFileType = sourcecode.swift; path = TabBarController.swift; sourceTree = "<group>"; };
		44B49C37291BC9BE00A5FFAB /* ViewWithTableViewController.swift */ = {isa = PBXFileReference; lastKnownFileType = sourcecode.swift; path = ViewWithTableViewController.swift; sourceTree = "<group>"; };
		44B49C3C291BF81100A5FFAB /* WeatherCell.swift */ = {isa = PBXFileReference; lastKnownFileType = sourcecode.swift; path = WeatherCell.swift; sourceTree = "<group>"; };
		44B49C48291E58A400A5FFAB /* AlertControllerExtension.swift */ = {isa = PBXFileReference; lastKnownFileType = sourcecode.swift; path = AlertControllerExtension.swift; sourceTree = "<group>"; };
		44B49C4A291E64E300A5FFAB /* CityMassiv.swift */ = {isa = PBXFileReference; lastKnownFileType = sourcecode.swift; path = CityMassiv.swift; sourceTree = "<group>"; };
/* End PBXFileReference section */

/* Begin PBXFrameworksBuildPhase section */
		44AB11C72913E95E0056D78A /* Frameworks */ = {
			isa = PBXFrameworksBuildPhase;
			buildActionMask = 2147483647;
			files = (
			);
			runOnlyForDeploymentPostprocessing = 0;
		};
/* End PBXFrameworksBuildPhase section */

/* Begin PBXGroup section */
		44AB11C12913E95E0056D78A = {
			isa = PBXGroup;
			children = (
				44AB11CC2913E95E0056D78A /* Weather */,
				44AB11CB2913E95E0056D78A /* Products */,
			);
			sourceTree = "<group>";
		};
		44AB11CB2913E95E0056D78A /* Products */ = {
			isa = PBXGroup;
			children = (
				44AB11CA2913E95E0056D78A /* Weather.app */,
			);
			name = Products;
			sourceTree = "<group>";
		};
		44AB11CC2913E95E0056D78A /* Weather */ = {
			isa = PBXGroup;
			children = (
				44B49C39291BEDE000A5FFAB /* Models */,
				44AB11EA291404F70056D78A /* Network */,
				44AB11E9291404C70056D78A /* ViewControllers */,
				44AB11E8291404330056D78A /* SupportingFiles */,
				44AB11E7291404110056D78A /* Application */,
				44AB11E32913FE830056D78A /* Resources */,
			);
			path = Weather;
			sourceTree = "<group>";
		};
		44AB11E32913FE830056D78A /* Resources */ = {
			isa = PBXGroup;
			children = (
				44AB11E42913FE8F0056D78A /* Resources.swift */,
				44AB11E12913F4710056D78A /* BackgroundSetup.swift */,
				44AB11F129144E630056D78A /* ApiKey.swift */,
				44B49C4A291E64E300A5FFAB /* CityMassiv.swift */,
			);
			path = Resources;
			sourceTree = "<group>";
		};
		44AB11E7291404110056D78A /* Application */ = {
			isa = PBXGroup;
			children = (
				44AB11CD2913E95E0056D78A /* AppDelegate.swift */,
				44AB11CF2913E95E0056D78A /* SceneDelegate.swift */,
			);
			path = Application;
			sourceTree = "<group>";
		};
		44AB11E8291404330056D78A /* SupportingFiles */ = {
			isa = PBXGroup;
			children = (
				44AB11D62913E95F0056D78A /* Assets.xcassets */,
				44AB11D82913E95F0056D78A /* LaunchScreen.storyboard */,
				44AB11DB2913E95F0056D78A /* Info.plist */,
			);
			path = SupportingFiles;
			sourceTree = "<group>";
		};
		44AB11E9291404C70056D78A /* ViewControllers */ = {
			isa = PBXGroup;
			children = (
				44AB11D12913E95E0056D78A /* ViewController.swift */,
				44B49C35291BC77E00A5FFAB /* TabBarController.swift */,
				44B49C37291BC9BE00A5FFAB /* ViewWithTableViewController.swift */,
			);
			path = ViewControllers;
			sourceTree = "<group>";
		};
		44AB11EA291404F70056D78A /* Network */ = {
			isa = PBXGroup;
			children = (
				44AB11EB291405040056D78A /* DataModel.swift */,
				44AB11ED29140F2F0056D78A /* NetworkManager.swift */,
				44AB11EF29144B5A0056D78A /* CurrentWeather.swift */,
			);
			path = Network;
			sourceTree = "<group>";
		};
		44B49C39291BEDE000A5FFAB /* Models */ = {
			isa = PBXGroup;
			children = (
				44B49C3C291BF81100A5FFAB /* WeatherCell.swift */,
				44B49C48291E58A400A5FFAB /* AlertControllerExtension.swift */,
			);
			path = Models;
			sourceTree = "<group>";
		};
/* End PBXGroup section */

/* Begin PBXNativeTarget section */
		44AB11C92913E95E0056D78A /* Weather */ = {
			isa = PBXNativeTarget;
			buildConfigurationList = 44AB11DE2913E95F0056D78A /* Build configuration list for PBXNativeTarget "Weather" */;
			buildPhases = (
				44AB11C62913E95E0056D78A /* Sources */,
				44AB11C72913E95E0056D78A /* Frameworks */,
				44AB11C82913E95E0056D78A /* Resources */,
			);
			buildRules = (
			);
			dependencies = (
			);
			name = Weather;
			productName = Weather;
			productReference = 44AB11CA2913E95E0056D78A /* Weather.app */;
			productType = "com.apple.product-type.application";
		};
/* End PBXNativeTarget section */

/* Begin PBXProject section */
		44AB11C22913E95E0056D78A /* Project object */ = {
			isa = PBXProject;
			attributes = {
				BuildIndependentTargetsInParallel = 1;
				LastSwiftUpdateCheck = 1400;
				LastUpgradeCheck = 1400;
				TargetAttributes = {
					44AB11C92913E95E0056D78A = {
						CreatedOnToolsVersion = 14.0.1;
					};
				};
			};
			buildConfigurationList = 44AB11C52913E95E0056D78A /* Build configuration list for PBXProject "Weather" */;
			compatibilityVersion = "Xcode 14.0";
			developmentRegion = en;
			hasScannedForEncodings = 0;
			knownRegions = (
				en,
				Base,
			);
			mainGroup = 44AB11C12913E95E0056D78A;
			productRefGroup = 44AB11CB2913E95E0056D78A /* Products */;
			projectDirPath = "";
			projectRoot = "";
			targets = (
				44AB11C92913E95E0056D78A /* Weather */,
			);
		};
/* End PBXProject section */

/* Begin PBXResourcesBuildPhase section */
		44AB11C82913E95E0056D78A /* Resources */ = {
			isa = PBXResourcesBuildPhase;
			buildActionMask = 2147483647;
			files = (
				44AB11DA2913E95F0056D78A /* LaunchScreen.storyboard in Resources */,
				44AB11D72913E95F0056D78A /* Assets.xcassets in Resources */,
			);
			runOnlyForDeploymentPostprocessing = 0;
		};
/* End PBXResourcesBuildPhase section */

/* Begin PBXSourcesBuildPhase section */
		44AB11C62913E95E0056D78A /* Sources */ = {
			isa = PBXSourcesBuildPhase;
			buildActionMask = 2147483647;
			files = (
				44AB11D22913E95E0056D78A /* ViewController.swift in Sources */,
				44AB11CE2913E95E0056D78A /* AppDelegate.swift in Sources */,
				44B49C36291BC77E00A5FFAB /* TabBarController.swift in Sources */,
				44AB11F029144B5A0056D78A /* CurrentWeather.swift in Sources */,
				44B49C3D291BF81100A5FFAB /* WeatherCell.swift in Sources */,
				44B49C49291E58A400A5FFAB /* AlertControllerExtension.swift in Sources */,
				44B49C4B291E64E300A5FFAB /* CityMassiv.swift in Sources */,
				44AB11D02913E95E0056D78A /* SceneDelegate.swift in Sources */,
				44AB11EE29140F2F0056D78A /* NetworkManager.swift in Sources */,
				44AB11E52913FE8F0056D78A /* Resources.swift in Sources */,
				44AB11E22913F4710056D78A /* BackgroundSetup.swift in Sources */,
				44AB11F229144E630056D78A /* ApiKey.swift in Sources */,
				44B49C38291BC9BE00A5FFAB /* ViewWithTableViewController.swift in Sources */,
				44AB11EC291405040056D78A /* DataModel.swift in Sources */,
			);
			runOnlyForDeploymentPostprocessing = 0;
		};
/* End PBXSourcesBuildPhase section */

/* Begin PBXVariantGroup section */
		44AB11D82913E95F0056D78A /* LaunchScreen.storyboard */ = {
			isa = PBXVariantGroup;
			children = (
				44AB11D92913E95F0056D78A /* Base */,
			);
			name = LaunchScreen.storyboard;
			sourceTree = "<group>";
		};
/* End PBXVariantGroup section */

/* Begin XCBuildConfiguration section */
		44AB11DC2913E95F0056D78A /* Debug */ = {
			isa = XCBuildConfiguration;
			buildSettings = {
				ALWAYS_SEARCH_USER_PATHS = NO;
				CLANG_ANALYZER_NONNULL = YES;
				CLANG_ANALYZER_NUMBER_OBJECT_CONVERSION = YES_AGGRESSIVE;
				CLANG_CXX_LANGUAGE_STANDARD = "gnu++20";
				CLANG_ENABLE_MODULES = YES;
				CLANG_ENABLE_OBJC_ARC = YES;
				CLANG_ENABLE_OBJC_WEAK = YES;
				CLANG_WARN_BLOCK_CAPTURE_AUTORELEASING = YES;
				CLANG_WARN_BOOL_CONVERSION = YES;
				CLANG_WARN_COMMA = YES;
				CLANG_WARN_CONSTANT_CONVERSION = YES;
				CLANG_WARN_DEPRECATED_OBJC_IMPLEMENTATIONS = YES;
				CLANG_WARN_DIRECT_OBJC_ISA_USAGE = YES_ERROR;
				CLANG_WARN_DOCUMENTATION_COMMENTS = YES;
				CLANG_WARN_EMPTY_BODY = YES;
				CLANG_WARN_ENUM_CONVERSION = YES;
				CLANG_WARN_INFINITE_RECURSION = YES;
				CLANG_WARN_INT_CONVERSION = YES;
				CLANG_WARN_NON_LITERAL_NULL_CONVERSION = YES;
				CLANG_WARN_OBJC_IMPLICIT_RETAIN_SELF = YES;
				CLANG_WARN_OBJC_LITERAL_CONVERSION = YES;
				CLANG_WARN_OBJC_ROOT_CLASS = YES_ERROR;
				CLANG_WARN_QUOTED_INCLUDE_IN_FRAMEWORK_HEADER = YES;
				CLANG_WARN_RANGE_LOOP_ANALYSIS = YES;
				CLANG_WARN_STRICT_PROTOTYPES = YES;
				CLANG_WARN_SUSPICIOUS_MOVE = YES;
				CLANG_WARN_UNGUARDED_AVAILABILITY = YES_AGGRESSIVE;
				CLANG_WARN_UNREACHABLE_CODE = YES;
				CLANG_WARN__DUPLICATE_METHOD_MATCH = YES;
				COPY_PHASE_STRIP = NO;
				DEBUG_INFORMATION_FORMAT = dwarf;
				ENABLE_STRICT_OBJC_MSGSEND = YES;
				ENABLE_TESTABILITY = YES;
				GCC_C_LANGUAGE_STANDARD = gnu11;
				GCC_DYNAMIC_NO_PIC = NO;
				GCC_NO_COMMON_BLOCKS = YES;
				GCC_OPTIMIZATION_LEVEL = 0;
				GCC_PREPROCESSOR_DEFINITIONS = (
					"DEBUG=1",
					"$(inherited)",
				);
				GCC_WARN_64_TO_32_BIT_CONVERSION = YES;
				GCC_WARN_ABOUT_RETURN_TYPE = YES_ERROR;
				GCC_WARN_UNDECLARED_SELECTOR = YES;
				GCC_WARN_UNINITIALIZED_AUTOS = YES_AGGRESSIVE;
				GCC_WARN_UNUSED_FUNCTION = YES;
				GCC_WARN_UNUSED_VARIABLE = YES;
				IPHONEOS_DEPLOYMENT_TARGET = 16.0;
				MTL_ENABLE_DEBUG_INFO = INCLUDE_SOURCE;
				MTL_FAST_MATH = YES;
				ONLY_ACTIVE_ARCH = YES;
				SDKROOT = iphoneos;
				SWIFT_ACTIVE_COMPILATION_CONDITIONS = DEBUG;
				SWIFT_OPTIMIZATION_LEVEL = "-Onone";
			};
			name = Debug;
		};
		44AB11DD2913E95F0056D78A /* Release */ = {
			isa = XCBuildConfiguration;
			buildSettings = {
				ALWAYS_SEARCH_USER_PATHS = NO;
				CLANG_ANALYZER_NONNULL = YES;
				CLANG_ANALYZER_NUMBER_OBJECT_CONVERSION = YES_AGGRESSIVE;
				CLANG_CXX_LANGUAGE_STANDARD = "gnu++20";
				CLANG_ENABLE_MODULES = YES;
				CLANG_ENABLE_OBJC_ARC = YES;
				CLANG_ENABLE_OBJC_WEAK = YES;
				CLANG_WARN_BLOCK_CAPTURE_AUTORELEASING = YES;
				CLANG_WARN_BOOL_CONVERSION = YES;
				CLANG_WARN_COMMA = YES;
				CLANG_WARN_CONSTANT_CONVERSION = YES;
				CLANG_WARN_DEPRECATED_OBJC_IMPLEMENTATIONS = YES;
				CLANG_WARN_DIRECT_OBJC_ISA_USAGE = YES_ERROR;
				CLANG_WARN_DOCUMENTATION_COMMENTS = YES;
				CLANG_WARN_EMPTY_BODY = YES;
				CLANG_WARN_ENUM_CONVERSION = YES;
				CLANG_WARN_INFINITE_RECURSION = YES;
				CLANG_WARN_INT_CONVERSION = YES;
				CLANG_WARN_NON_LITERAL_NULL_CONVERSION = YES;
				CLANG_WARN_OBJC_IMPLICIT_RETAIN_SELF = YES;
				CLANG_WARN_OBJC_LITERAL_CONVERSION = YES;
				CLANG_WARN_OBJC_ROOT_CLASS = YES_ERROR;
				CLANG_WARN_QUOTED_INCLUDE_IN_FRAMEWORK_HEADER = YES;
				CLANG_WARN_RANGE_LOOP_ANALYSIS = YES;
				CLANG_WARN_STRICT_PROTOTYPES = YES;
				CLANG_WARN_SUSPICIOUS_MOVE = YES;
				CLANG_WARN_UNGUARDED_AVAILABILITY = YES_AGGRESSIVE;
				CLANG_WARN_UNREACHABLE_CODE = YES;
				CLANG_WARN__DUPLICATE_METHOD_MATCH = YES;
				COPY_PHASE_STRIP = NO;
				DEBUG_INFORMATION_FORMAT = "dwarf-with-dsym";
				ENABLE_NS_ASSERTIONS = NO;
				ENABLE_STRICT_OBJC_MSGSEND = YES;
				GCC_C_LANGUAGE_STANDARD = gnu11;
				GCC_NO_COMMON_BLOCKS = YES;
				GCC_WARN_64_TO_32_BIT_CONVERSION = YES;
				GCC_WARN_ABOUT_RETURN_TYPE = YES_ERROR;
				GCC_WARN_UNDECLARED_SELECTOR = YES;
				GCC_WARN_UNINITIALIZED_AUTOS = YES_AGGRESSIVE;
				GCC_WARN_UNUSED_FUNCTION = YES;
				GCC_WARN_UNUSED_VARIABLE = YES;
				IPHONEOS_DEPLOYMENT_TARGET = 16.0;
				MTL_ENABLE_DEBUG_INFO = NO;
				MTL_FAST_MATH = YES;
				SDKROOT = iphoneos;
				SWIFT_COMPILATION_MODE = wholemodule;
				SWIFT_OPTIMIZATION_LEVEL = "-O";
				VALIDATE_PRODUCT = YES;
			};
			name = Release;
		};
		44AB11DF2913E95F0056D78A /* Debug */ = {
			isa = XCBuildConfiguration;
			buildSettings = {
				ASSETCATALOG_COMPILER_APPICON_NAME = AppIcon;
				ASSETCATALOG_COMPILER_GLOBAL_ACCENT_COLOR_NAME = AccentColor;
				CODE_SIGN_STYLE = Automatic;
				CURRENT_PROJECT_VERSION = 1;
				DEVELOPMENT_TEAM = Q7D95C8V9R;
				GENERATE_INFOPLIST_FILE = YES;
				INFOPLIST_FILE = Weather/SupportingFiles/Info.plist;
				INFOPLIST_KEY_UIApplicationSupportsIndirectInputEvents = YES;
				INFOPLIST_KEY_UILaunchStoryboardName = LaunchScreen;
				INFOPLIST_KEY_UISupportedInterfaceOrientations_iPad = "UIInterfaceOrientationPortrait UIInterfaceOrientationPortraitUpsideDown UIInterfaceOrientationLandscapeLeft UIInterfaceOrientationLandscapeRight";
				INFOPLIST_KEY_UISupportedInterfaceOrientations_iPhone = "UIInterfaceOrientationPortrait UIInterfaceOrientationLandscapeLeft UIInterfaceOrientationLandscapeRight";
				LD_RUNPATH_SEARCH_PATHS = (
					"$(inherited)",
					"@executable_path/Frameworks",
				);
				MARKETING_VERSION = 1.0;
				PRODUCT_BUNDLE_IDENTIFIER = com.Exidna.art.Weather;
				PRODUCT_NAME = "$(TARGET_NAME)";
				SWIFT_EMIT_LOC_STRINGS = YES;
				SWIFT_VERSION = 5.0;
				TARGETED_DEVICE_FAMILY = "1,2";
			};
			name = Debug;
		};
		44AB11E02913E95F0056D78A /* Release */ = {
			isa = XCBuildConfiguration;
			buildSettings = {
				ASSETCATALOG_COMPILER_APPICON_NAME = AppIcon;
				ASSETCATALOG_COMPILER_GLOBAL_ACCENT_COLOR_NAME = AccentColor;
				CODE_SIGN_STYLE = Automatic;
				CURRENT_PROJECT_VERSION = 1;
				DEVELOPMENT_TEAM = Q7D95C8V9R;
				GENERATE_INFOPLIST_FILE = YES;
				INFOPLIST_FILE = Weather/SupportingFiles/Info.plist;
				INFOPLIST_KEY_UIApplicationSupportsIndirectInputEvents = YES;
				INFOPLIST_KEY_UILaunchStoryboardName = LaunchScreen;
				INFOPLIST_KEY_UISupportedInterfaceOrientations_iPad = "UIInterfaceOrientationPortrait UIInterfaceOrientationPortraitUpsideDown UIInterfaceOrientationLandscapeLeft UIInterfaceOrientationLandscapeRight";
				INFOPLIST_KEY_UISupportedInterfaceOrientations_iPhone = "UIInterfaceOrientationPortrait UIInterfaceOrientationLandscapeLeft UIInterfaceOrientationLandscapeRight";
				LD_RUNPATH_SEARCH_PATHS = (
					"$(inherited)",
					"@executable_path/Frameworks",
				);
				MARKETING_VERSION = 1.0;
				PRODUCT_BUNDLE_IDENTIFIER = com.Exidna.art.Weather;
				PRODUCT_NAME = "$(TARGET_NAME)";
				SWIFT_EMIT_LOC_STRINGS = YES;
				SWIFT_VERSION = 5.0;
				TARGETED_DEVICE_FAMILY = "1,2";
			};
			name = Release;
		};
/* End XCBuildConfiguration section */

/* Begin XCConfigurationList section */
		44AB11C52913E95E0056D78A /* Build configuration list for PBXProject "Weather" */ = {
			isa = XCConfigurationList;
			buildConfigurations = (
				44AB11DC2913E95F0056D78A /* Debug */,
				44AB11DD2913E95F0056D78A /* Release */,
			);
			defaultConfigurationIsVisible = 0;
			defaultConfigurationName = Release;
		};
		44AB11DE2913E95F0056D78A /* Build configuration list for PBXNativeTarget "Weather" */ = {
			isa = XCConfigurationList;
			buildConfigurations = (
				44AB11DF2913E95F0056D78A /* Debug */,
				44AB11E02913E95F0056D78A /* Release */,
			);
			defaultConfigurationIsVisible = 0;
			defaultConfigurationName = Release;
		};
/* End XCConfigurationList section */
	};
	rootObject = 44AB11C22913E95E0056D78A /* Project object */;
}
